
Microsoft Visual Studio Solution File, Format Version 12.00
# Visual Studio Version 17
VisualStudioVersion = 17.9.34622.214
MinimumVisualStudioVersion = 10.0.40219.1
Project("{9A19103F-16F7-4668-BE54-9A1E7A4F7556}") = "KSiS_2_server", "KSiS_2\KSiS_2_server.csproj", "{F53DA9D0-E34E-4907-A18E-798EA546BD50}"
EndProject
Global
	GlobalSection(SolutionConfigurationPlatforms) = preSolution
		Debug|Any CPU = Debug|Any CPU
		Release|Any CPU = Release|Any CPU
	EndGlobalSection
	GlobalSection(ProjectConfigurationPlatforms) = postSolution
		{F53DA9D0-E34E-4907-A18E-798EA546BD50}.Debug|Any CPU.ActiveCfg = Debug|Any CPU
		{F53DA9D0-E34E-4907-A18E-798EA546BD50}.Debug|Any CPU.Build.0 = Debug|Any CPU
		{F53DA9D0-E34E-4907-A18E-798EA546BD50}.Release|Any CPU.ActiveCfg = Release|Any CPU
		{F53DA9D0-E34E-4907-A18E-798EA546BD50}.Release|Any CPU.Build.0 = Release|Any CPU
	EndGlobalSection
	GlobalSection(SolutionProperties) = preSolution
		HideSolutionNode = FALSE
	EndGlobalSection
	GlobalSection(ExtensibilityGlobals) = postSolution
		SolutionGuid = {8FA48E0C-B320-4FE9-A37F-0020F3DC1704}
	EndGlobalSection
EndGlobal
